
Microsoft Visual Studio Solution File, Format Version 12.00
# Visual Studio 15
VisualStudioVersion = 15.0.27004.2010
MinimumVisualStudioVersion = 10.0.40219.1
Project("{9A19103F-16F7-4668-BE54-9A1E7A4F7556}") = "Postgres2Go", "Postgres2Go\Postgres2Go.csproj", "{DC273622-0954-432E-A722-8E0D7C78E21B}"
EndProject
Project("{FAE04EC0-301F-11D3-BF4B-00C04F79EFBC}") = "Postgres2Go.Tests", "Postgres2Go.Tests\Postgres2Go.Tests.csproj", "{D9527249-990B-4557-8DC1-FA9434F46A82}"
EndProject
Project("{2150E333-8FDC-42A3-9474-1A3956D46DE8}") = "Solution Items", "Solution Items", "{EB802F83-E581-4C4B-9B16-7D00D66C9329}"
ProjectSection(SolutionItems) = preProject
GCop.json = GCop.json
EndProjectSection
EndProject

Global
	GlobalSection(SolutionConfigurationPlatforms) = preSolution
		Debug|Any CPU = Debug|Any CPU
		Release|Any CPU = Release|Any CPU
	EndGlobalSection
	GlobalSection(ProjectConfigurationPlatforms) = postSolution
		{DC273622-0954-432E-A722-8E0D7C78E21B}.Debug|Any CPU.ActiveCfg = Debug|Any CPU
		{DC273622-0954-432E-A722-8E0D7C78E21B}.Debug|Any CPU.Build.0 = Debug|Any CPU
		{DC273622-0954-432E-A722-8E0D7C78E21B}.Release|Any CPU.ActiveCfg = Release|Any CPU
		{DC273622-0954-432E-A722-8E0D7C78E21B}.Release|Any CPU.Build.0 = Release|Any CPU
		{D9527249-990B-4557-8DC1-FA9434F46A82}.Debug|Any CPU.ActiveCfg = Debug|Any CPU
		{D9527249-990B-4557-8DC1-FA9434F46A82}.Debug|Any CPU.Build.0 = Debug|Any CPU
		{D9527249-990B-4557-8DC1-FA9434F46A82}.Release|Any CPU.ActiveCfg = Release|Any CPU
		{D9527249-990B-4557-8DC1-FA9434F46A82}.Release|Any CPU.Build.0 = Release|Any CPU
	EndGlobalSection
	GlobalSection(SolutionProperties) = preSolution
		HideSolutionNode = FALSE
	EndGlobalSection
	GlobalSection(ExtensibilityGlobals) = postSolution
		SolutionGuid = {4857BFD8-1DB9-4BFA-BDAA-1D8B9B9386E7}
	EndGlobalSection
EndGlobal
